
Microsoft Visual Studio Solution File, Format Version 12.00
# Visual Studio Version 17
VisualStudioVersion = 17.7.34202.233
MinimumVisualStudioVersion = 10.0.40219.1
Project("{9A19103F-16F7-4668-BE54-9A1E7A4F7556}") = "Cinema", "Cinema\Cinema.csproj", "{83149D2C-294F-4073-B176-08C4F01CA169}"
EndProject
Project("{2150E333-8FDC-42A3-9474-1A3956D46DE8}") = "Solution Items", "Solution Items", "{D5CD0D55-CFAF-4090-8E8E-1A3F7DF763F4}"
	ProjectSection(SolutionItems) = preProject
		.editorconfig = .editorconfig
	EndProjectSection
EndProject
Global
	GlobalSection(SolutionConfigurationPlatforms) = preSolution
		Debug|Any CPU = Debug|Any CPU
		Release|Any CPU = Release|Any CPU
	EndGlobalSection
	GlobalSection(ProjectConfigurationPlatforms) = postSolution
		{83149D2C-294F-4073-B176-08C4F01CA169}.Debug|Any CPU.ActiveCfg = Debug|Any CPU
		{83149D2C-294F-4073-B176-08C4F01CA169}.Debug|Any CPU.Build.0 = Debug|Any CPU
		{83149D2C-294F-4073-B176-08C4F01CA169}.Release|Any CPU.ActiveCfg = Release|Any CPU
		{83149D2C-294F-4073-B176-08C4F01CA169}.Release|Any CPU.Build.0 = Release|Any CPU
	EndGlobalSection
	GlobalSection(SolutionProperties) = preSolution
		HideSolutionNode = FALSE
	EndGlobalSection
	GlobalSection(ExtensibilityGlobals) = postSolution
		SolutionGuid = {2BECBD67-49B4-44A2-A38C-448E19CA28F2}
	EndGlobalSection
EndGlobal
